
Microsoft Visual Studio Solution File, Format Version 12.00
# Visual Studio Version 17
VisualStudioVersion = 17.5.33414.496
MinimumVisualStudioVersion = 10.0.40219.1
Project("{FAE04EC0-301F-11D3-BF4B-00C04F79EFBC}") = "restaurant", "restaurant\restaurant.csproj", "{B4173439-C32E-4E52-BFC8-8A72E94ED959}"
EndProject
Global
	GlobalSection(SolutionConfigurationPlatforms) = preSolution
		Debug|Any CPU = Debug|Any CPU
		Release|Any CPU = Release|Any CPU
	EndGlobalSection
	GlobalSection(ProjectConfigurationPlatforms) = postSolution
		{B4173439-C32E-4E52-BFC8-8A72E94ED959}.Debug|Any CPU.ActiveCfg = Debug|Any CPU
		{B4173439-C32E-4E52-BFC8-8A72E94ED959}.Debug|Any CPU.Build.0 = Debug|Any CPU
		{B4173439-C32E-4E52-BFC8-8A72E94ED959}.Release|Any CPU.ActiveCfg = Release|Any CPU
		{B4173439-C32E-4E52-BFC8-8A72E94ED959}.Release|Any CPU.Build.0 = Release|Any CPU
	EndGlobalSection
	GlobalSection(SolutionProperties) = preSolution
		HideSolutionNode = FALSE
	EndGlobalSection
	GlobalSection(ExtensibilityGlobals) = postSolution
		SolutionGuid = {661B8E30-8927-4F35-B009-4EAC383F2E0F}
	EndGlobalSection
EndGlobal
